
Microsoft Visual Studio Solution File, Format Version 12.00
# Visual Studio Version 17
VisualStudioVersion = 17.0.32112.339
MinimumVisualStudioVersion = 10.0.40219.1
Project("{9A19103F-16F7-4668-BE54-9A1E7A4F7556}") = "CbSlackStats", "CbSlackStats\CbSlackStats.csproj", "{0EEC1B6E-3257-474D-B420-CD6ACF3AD193}"
EndProject
Project("{9A19103F-16F7-4668-BE54-9A1E7A4F7556}") = "CbSlackStats.Tests", "CbSlackStats.Tests\CbSlackStats.Tests.csproj", "{9D34F096-2ABC-41A1-A926-8F266AF24A02}"
EndProject
Project("{FAE04EC0-301F-11D3-BF4B-00C04F79EFBC}") = "CbSlackStats.Functions", "CbSlackStats.Functions\CbSlackStats.Functions.csproj", "{449ACF44-DF41-4D5E-AEA9-46AF20523973}"
EndProject
Global
	GlobalSection(SolutionConfigurationPlatforms) = preSolution
		Debug|Any CPU = Debug|Any CPU
		Release|Any CPU = Release|Any CPU
	EndGlobalSection
	GlobalSection(ProjectConfigurationPlatforms) = postSolution
		{0EEC1B6E-3257-474D-B420-CD6ACF3AD193}.Debug|Any CPU.ActiveCfg = Debug|Any CPU
		{0EEC1B6E-3257-474D-B420-CD6ACF3AD193}.Debug|Any CPU.Build.0 = Debug|Any CPU
		{0EEC1B6E-3257-474D-B420-CD6ACF3AD193}.Release|Any CPU.ActiveCfg = Release|Any CPU
		{0EEC1B6E-3257-474D-B420-CD6ACF3AD193}.Release|Any CPU.Build.0 = Release|Any CPU
		{9D34F096-2ABC-41A1-A926-8F266AF24A02}.Debug|Any CPU.ActiveCfg = Debug|Any CPU
		{9D34F096-2ABC-41A1-A926-8F266AF24A02}.Debug|Any CPU.Build.0 = Debug|Any CPU
		{9D34F096-2ABC-41A1-A926-8F266AF24A02}.Release|Any CPU.ActiveCfg = Release|Any CPU
		{9D34F096-2ABC-41A1-A926-8F266AF24A02}.Release|Any CPU.Build.0 = Release|Any CPU
		{449ACF44-DF41-4D5E-AEA9-46AF20523973}.Debug|Any CPU.ActiveCfg = Debug|Any CPU
		{449ACF44-DF41-4D5E-AEA9-46AF20523973}.Debug|Any CPU.Build.0 = Debug|Any CPU
		{449ACF44-DF41-4D5E-AEA9-46AF20523973}.Release|Any CPU.ActiveCfg = Release|Any CPU
		{449ACF44-DF41-4D5E-AEA9-46AF20523973}.Release|Any CPU.Build.0 = Release|Any CPU
	EndGlobalSection
	GlobalSection(SolutionProperties) = preSolution
		HideSolutionNode = FALSE
	EndGlobalSection
	GlobalSection(ExtensibilityGlobals) = postSolution
		SolutionGuid = {6E635165-7820-442D-9FAB-6236EC74AEF6}
	EndGlobalSection
EndGlobal
